
Microsoft Visual Studio Solution File, Format Version 12.00
# Visual Studio Version 17
VisualStudioVersion = 17.5.33502.453
MinimumVisualStudioVersion = 10.0.40219.1
Project("{FAE04EC0-301F-11D3-BF4B-00C04F79EFBC}") = "RobotCompetition", "RobotCompetition\RobotCompetition.csproj", "{358AB9EC-023A-42FF-9841-ECC20526460A}"
EndProject
Project("{FAE04EC0-301F-11D3-BF4B-00C04F79EFBC}") = "RobotCompetitonRepo", "RobotCompetitonRepo\RobotCompetitonRepo.csproj", "{0EA75CE5-B47A-4779-B20F-CB1A7B9519D0}"
EndProject
Global
	GlobalSection(SolutionConfigurationPlatforms) = preSolution
		Debug|Any CPU = Debug|Any CPU
		Release|Any CPU = Release|Any CPU
	EndGlobalSection
	GlobalSection(ProjectConfigurationPlatforms) = postSolution
		{358AB9EC-023A-42FF-9841-ECC20526460A}.Debug|Any CPU.ActiveCfg = Debug|Any CPU
		{358AB9EC-023A-42FF-9841-ECC20526460A}.Debug|Any CPU.Build.0 = Debug|Any CPU
		{358AB9EC-023A-42FF-9841-ECC20526460A}.Release|Any CPU.ActiveCfg = Release|Any CPU
		{358AB9EC-023A-42FF-9841-ECC20526460A}.Release|Any CPU.Build.0 = Release|Any CPU
		{0EA75CE5-B47A-4779-B20F-CB1A7B9519D0}.Debug|Any CPU.ActiveCfg = Debug|Any CPU
		{0EA75CE5-B47A-4779-B20F-CB1A7B9519D0}.Debug|Any CPU.Build.0 = Debug|Any CPU
		{0EA75CE5-B47A-4779-B20F-CB1A7B9519D0}.Release|Any CPU.ActiveCfg = Release|Any CPU
		{0EA75CE5-B47A-4779-B20F-CB1A7B9519D0}.Release|Any CPU.Build.0 = Release|Any CPU
	EndGlobalSection
	GlobalSection(SolutionProperties) = preSolution
		HideSolutionNode = FALSE
	EndGlobalSection
	GlobalSection(ExtensibilityGlobals) = postSolution
		SolutionGuid = {C1D4D63A-672E-4647-8B82-A5A1354BDF9B}
	EndGlobalSection
EndGlobal
